
Microsoft Visual Studio Solution File, Format Version 12.00
# Visual Studio Version 17
VisualStudioVersion = 17.4.33213.308
MinimumVisualStudioVersion = 10.0.40219.1
Project("{FAE04EC0-301F-11D3-BF4B-00C04F79EFBC}") = "Priklad6StachOpakovani", "Priklad6StachOpakovani\Priklad6StachOpakovani.csproj", "{22C755B3-43AB-4886-8F7F-A68C1D675A98}"
EndProject
Global
	GlobalSection(SolutionConfigurationPlatforms) = preSolution
		Debug|Any CPU = Debug|Any CPU
		Release|Any CPU = Release|Any CPU
	EndGlobalSection
	GlobalSection(ProjectConfigurationPlatforms) = postSolution
		{22C755B3-43AB-4886-8F7F-A68C1D675A98}.Debug|Any CPU.ActiveCfg = Debug|Any CPU
		{22C755B3-43AB-4886-8F7F-A68C1D675A98}.Debug|Any CPU.Build.0 = Debug|Any CPU
		{22C755B3-43AB-4886-8F7F-A68C1D675A98}.Release|Any CPU.ActiveCfg = Release|Any CPU
		{22C755B3-43AB-4886-8F7F-A68C1D675A98}.Release|Any CPU.Build.0 = Release|Any CPU
	EndGlobalSection
	GlobalSection(SolutionProperties) = preSolution
		HideSolutionNode = FALSE
	EndGlobalSection
	GlobalSection(ExtensibilityGlobals) = postSolution
		SolutionGuid = {C3983363-95D4-4D46-9967-0FA6FA772C19}
	EndGlobalSection
EndGlobal
